
Microsoft Visual Studio Solution File, Format Version 12.00
# Visual Studio Version 17
VisualStudioVersion = 17.5.002.0
MinimumVisualStudioVersion = 10.0.40219.1
Project("{9A19103F-16F7-4668-BE54-9A1E7A4F7556}") = "Interface2", "Interface2.csproj", "{E1BDF090-5F91-4962-9DAC-24BF68692509}"
EndProject
Global
	GlobalSection(SolutionConfigurationPlatforms) = preSolution
		Debug|Any CPU = Debug|Any CPU
		Release|Any CPU = Release|Any CPU
	EndGlobalSection
	GlobalSection(ProjectConfigurationPlatforms) = postSolution
		{E1BDF090-5F91-4962-9DAC-24BF68692509}.Debug|Any CPU.ActiveCfg = Debug|Any CPU
		{E1BDF090-5F91-4962-9DAC-24BF68692509}.Debug|Any CPU.Build.0 = Debug|Any CPU
		{E1BDF090-5F91-4962-9DAC-24BF68692509}.Release|Any CPU.ActiveCfg = Release|Any CPU
		{E1BDF090-5F91-4962-9DAC-24BF68692509}.Release|Any CPU.Build.0 = Release|Any CPU
	EndGlobalSection
	GlobalSection(SolutionProperties) = preSolution
		HideSolutionNode = FALSE
	EndGlobalSection
	GlobalSection(ExtensibilityGlobals) = postSolution
		SolutionGuid = {F4EC3B54-88AD-4E27-9291-3C5DAB98D55A}
	EndGlobalSection
EndGlobal
